// !$*UTF8*$!
{
	archiveVersion = 1;
	classes = {
	};
	objectVersion = 54;
	objects = {

/* Begin PBXBuildFile section */
		00E356F31AD99517003FC87E /* unicardTests.m in Sources */ = {isa = PBXBuildFile; fileRef = 00E356F21AD99517003FC87E /* unicardTests.m */; };
		03510FFBD25149F48009C938 /* (null) in Resources */ = {isa = PBXBuildFile; };
		123BB74A893D4DD2AB6C196D /* (null) in Resources */ = {isa = PBXBuildFile; };
		13B07FBC1A68108700A75B9A /* AppDelegate.m in Sources */ = {isa = PBXBuildFile; fileRef = 13B07FB01A68108700A75B9A /* AppDelegate.m */; };
		13B07FBF1A68108700A75B9A /* Images.xcassets in Resources */ = {isa = PBXBuildFile; fileRef = 13B07FB51A68108700A75B9A /* Images.xcassets */; };
		13B07FC11A68108700A75B9A /* main.m in Sources */ = {isa = PBXBuildFile; fileRef = 13B07FB71A68108700A75B9A /* main.m */; };
		26B0147D1BD14A97873AD435 /* (null) in Resources */ = {isa = PBXBuildFile; };
		2D785E135E3641EB975893F1 /* BPG GEL DejaVuSans Caps_2.ttf in Resources */ = {isa = PBXBuildFile; fileRef = AADB91B0FE8F4BE1B6FC603E /* BPG GEL DejaVuSans Caps_2.ttf */; };
		4971D68F78FB4778A3667BDD /* (null) in Resources */ = {isa = PBXBuildFile; };
		51AE0B647686499B979EB366 /* BPG GEL DejaVuSans_2.ttf in Resources */ = {isa = PBXBuildFile; fileRef = 4A2C134C84BB4B25AF5998BF /* BPG GEL DejaVuSans_2.ttf */; };
		5B82ACE2D9704685B8D3F834 /* BPG GEL DejaVu Sans Condensed Caps_2.ttf in Resources */ = {isa = PBXBuildFile; fileRef = DC83188EA04449C8843EFF7A /* BPG GEL DejaVu Sans Condensed Caps_2.ttf */; };
		5C40F4FDA32A4D4C99CC9DB1 /* BPG GEL DejaVuSerif Caps_2.ttf in Resources */ = {isa = PBXBuildFile; fileRef = 9055F7CD5D874C37B6771801 /* BPG GEL DejaVuSerif Caps_2.ttf */; };
		5CBB37EA58B04933AB7F2603 /* BPG DejaVuSans Caps_2.ttf in Resources */ = {isa = PBXBuildFile; fileRef = 0F43B98CB5454B47B5B6F38E /* BPG DejaVuSans Caps_2.ttf */; };
		5CEF8346FCC34CA0AD74AB6D /* (null) in Resources */ = {isa = PBXBuildFile; };
		5F7328365AC34CEC80D57519 /* (null) in Resources */ = {isa = PBXBuildFile; };
		6160D1C771894E38A340C4D0 /* BPG_DEJAVUSANSMT_BOLD_2.TTF in Resources */ = {isa = PBXBuildFile; fileRef = AAEA5047554C4AA2948A588B /* BPG_DEJAVUSANSMT_BOLD_2.TTF */; };
		6172F2D35A4C3AA820D92908 /* libPods-unicard.a in Frameworks */ = {isa = PBXBuildFile; fileRef = 6423831EA8574132BED9D8CC /* libPods-unicard.a */; };
		628FBA73BFA841C284771D65 /* BPG GEL DejaVu Sans ExtraLight Caps_2.ttf in Resources */ = {isa = PBXBuildFile; fileRef = 2C5364CEA761443D86470C6F /* BPG GEL DejaVu Sans ExtraLight Caps_2.ttf */; };
		63FF563D999C45F788358E5A /* (null) in Resources */ = {isa = PBXBuildFile; };
		7EF68E3733C33B6898317E18 /* libPods-unicard-unicardTests.a in Frameworks */ = {isa = PBXBuildFile; fileRef = ABFE59519B596E51CEFDCCC0 /* libPods-unicard-unicardTests.a */; };
		81AB9BB82411601600AC10FF /* LaunchScreen.storyboard in Resources */ = {isa = PBXBuildFile; fileRef = 81AB9BB72411601600AC10FF /* LaunchScreen.storyboard */; };
		8FF848A6B73942DD958FF0FF /* BPG GEL DejaVu Sans ExtraLight_2.ttf in Resources */ = {isa = PBXBuildFile; fileRef = 3EC9039E724B4BCC91A2FD54 /* BPG GEL DejaVu Sans ExtraLight_2.ttf */; };
		9F81FD276EBF4EDDB37B5DCA /* BPG GEL DejaVu Sans Condensed_2.ttf in Resources */ = {isa = PBXBuildFile; fileRef = BF641BB5A90A43E99CDE712D /* BPG GEL DejaVu Sans Condensed_2.ttf */; };
		A65CD135B48944719AB98954 /* (null) in Resources */ = {isa = PBXBuildFile; };
		A778774AAECA4217B390ACB8 /* (null) in Resources */ = {isa = PBXBuildFile; };
		B36811C7C6AF449B89CE7BA3 /* (null) in Resources */ = {isa = PBXBuildFile; };
		BA2346FD9EC849C9B484E75E /* BPG DejaVuSans-BoldOblique_2.ttf in Resources */ = {isa = PBXBuildFile; fileRef = 4B5BDAE1C80C4EB290975D45 /* BPG DejaVuSans-BoldOblique_2.ttf */; };
		BFF3E8EF86CD4D278F0E52E9 /* BPG DejaVuSans-Oblique_2.ttf in Resources */ = {isa = PBXBuildFile; fileRef = A167A2BC43424FF7997A7E33 /* BPG DejaVuSans-Oblique_2.ttf */; };
		C2D661AA53F24E0DB9BB3455 /* (null) in Resources */ = {isa = PBXBuildFile; };
		C786EEEFA79A4A23B2F440A1 /* (null) in Resources */ = {isa = PBXBuildFile; };
		CE6C8F9DF33941CB8BEFA537 /* (null) in Resources */ = {isa = PBXBuildFile; };
		D040530F00744099A3BC5D92 /* BPG_DEJAVUSANSMT_2.TTF in Resources */ = {isa = PBXBuildFile; fileRef = 83EAD52D25F34AB782459F6B /* BPG_DEJAVUSANSMT_2.TTF */; };
		E4B6B3EE4CB9431497B2C069 /* (null) in Resources */ = {isa = PBXBuildFile; };
		E766301C104B4CF084D4A2B2 /* (null) in Resources */ = {isa = PBXBuildFile; };
		EEAF7BBCEFF5442A8BAFACC2 /* (null) in Resources */ = {isa = PBXBuildFile; };
		F5FD05FC660641D5AAC423EF /* BPG DejaVuSans_2.ttf in Resources */ = {isa = PBXBuildFile; fileRef = 46FEF29ED26D4E0A945DC4B3 /* BPG DejaVuSans_2.ttf */; };
		F9041213D7A84C009B668E37 /* BPG DejaVuSans-Bold_2.ttf in Resources */ = {isa = PBXBuildFile; fileRef = B63F4841B491458097ABD047 /* BPG DejaVuSans-Bold_2.ttf */; };
		FE5502FB0F2C4F839B6FA765 /* BPG GEL DejaVuSerif_2.ttf in Resources */ = {isa = PBXBuildFile; fileRef = EE483D79485E40C8BC6B2BCE /* BPG GEL DejaVuSerif_2.ttf */; };
/* End PBXBuildFile section */

/* Begin PBXContainerItemProxy section */
		00E356F41AD99517003FC87E /* PBXContainerItemProxy */ = {
			isa = PBXContainerItemProxy;
			containerPortal = 83CBB9F71A601CBA00E9B192 /* Project object */;
			proxyType = 1;
			remoteGlobalIDString = 13B07F861A680F5B00A75B9A;
			remoteInfo = unicard;
		};
/* End PBXContainerItemProxy section */

/* Begin PBXFileReference section */
		00E356EE1AD99517003FC87E /* unicardTests.xctest */ = {isa = PBXFileReference; explicitFileType = wrapper.cfbundle; includeInIndex = 0; path = unicardTests.xctest; sourceTree = BUILT_PRODUCTS_DIR; };
		00E356F11AD99517003FC87E /* Info.plist */ = {isa = PBXFileReference; lastKnownFileType = text.plist.xml; path = Info.plist; sourceTree = "<group>"; };
		00E356F21AD99517003FC87E /* unicardTests.m */ = {isa = PBXFileReference; lastKnownFileType = sourcecode.c.objc; path = unicardTests.m; sourceTree = "<group>"; };
		0F43B98CB5454B47B5B6F38E /* BPG DejaVuSans Caps_2.ttf */ = {isa = PBXFileReference; explicitFileType = undefined; fileEncoding = 9; includeInIndex = 0; lastKnownFileType = unknown; name = "BPG DejaVuSans Caps_2.ttf"; path = "../assets/fonts/BPG DejaVuSans Caps_2.ttf"; sourceTree = "<group>"; };
		13B07F961A680F5B00A75B9A /* unicard.app */ = {isa = PBXFileReference; explicitFileType = wrapper.application; includeInIndex = 0; path = unicard.app; sourceTree = BUILT_PRODUCTS_DIR; };
		13B07FAF1A68108700A75B9A /* AppDelegate.h */ = {isa = PBXFileReference; fileEncoding = 4; lastKnownFileType = sourcecode.c.h; name = AppDelegate.h; path = unicard/AppDelegate.h; sourceTree = "<group>"; };
		13B07FB01A68108700A75B9A /* AppDelegate.m */ = {isa = PBXFileReference; fileEncoding = 4; lastKnownFileType = sourcecode.c.objc; name = AppDelegate.m; path = unicard/AppDelegate.m; sourceTree = "<group>"; };
		13B07FB51A68108700A75B9A /* Images.xcassets */ = {isa = PBXFileReference; lastKnownFileType = folder.assetcatalog; name = Images.xcassets; path = unicard/Images.xcassets; sourceTree = "<group>"; };
		13B07FB61A68108700A75B9A /* Info.plist */ = {isa = PBXFileReference; fileEncoding = 4; lastKnownFileType = text.plist.xml; name = Info.plist; path = unicard/Info.plist; sourceTree = "<group>"; };
		13B07FB71A68108700A75B9A /* main.m */ = {isa = PBXFileReference; fileEncoding = 4; lastKnownFileType = sourcecode.c.objc; name = main.m; path = unicard/main.m; sourceTree = "<group>"; };
		1D0AE47A65C8663E3B452821 /* Pods-unicard-unicardTests.release.xcconfig */ = {isa = PBXFileReference; includeInIndex = 1; lastKnownFileType = text.xcconfig; name = "Pods-unicard-unicardTests.release.xcconfig"; path = "Target Support Files/Pods-unicard-unicardTests/Pods-unicard-unicardTests.release.xcconfig"; sourceTree = "<group>"; };
		2C5364CEA761443D86470C6F /* BPG GEL DejaVu Sans ExtraLight Caps_2.ttf */ = {isa = PBXFileReference; explicitFileType = undefined; fileEncoding = 9; includeInIndex = 0; lastKnownFileType = unknown; name = "BPG GEL DejaVu Sans ExtraLight Caps_2.ttf"; path = "../assets/fonts/BPG GEL DejaVu Sans ExtraLight Caps_2.ttf"; sourceTree = "<group>"; };
		3EC9039E724B4BCC91A2FD54 /* BPG GEL DejaVu Sans ExtraLight_2.ttf */ = {isa = PBXFileReference; explicitFileType = undefined; fileEncoding = 9; includeInIndex = 0; lastKnownFileType = unknown; name = "BPG GEL DejaVu Sans ExtraLight_2.ttf"; path = "../assets/fonts/BPG GEL DejaVu Sans ExtraLight_2.ttf"; sourceTree = "<group>"; };
		46FEF29ED26D4E0A945DC4B3 /* BPG DejaVuSans_2.ttf */ = {isa = PBXFileReference; explicitFileType = undefined; fileEncoding = 9; includeInIndex = 0; lastKnownFileType = unknown; name = "BPG DejaVuSans_2.ttf"; path = "../assets/fonts/BPG DejaVuSans_2.ttf"; sourceTree = "<group>"; };
		4A2C134C84BB4B25AF5998BF /* BPG GEL DejaVuSans_2.ttf */ = {isa = PBXFileReference; explicitFileType = undefined; fileEncoding = 9; includeInIndex = 0; lastKnownFileType = unknown; name = "BPG GEL DejaVuSans_2.ttf"; path = "../assets/fonts/BPG GEL DejaVuSans_2.ttf"; sourceTree = "<group>"; };
		4B5BDAE1C80C4EB290975D45 /* BPG DejaVuSans-BoldOblique_2.ttf */ = {isa = PBXFileReference; explicitFileType = undefined; fileEncoding = 9; includeInIndex = 0; lastKnownFileType = unknown; name = "BPG DejaVuSans-BoldOblique_2.ttf"; path = "../assets/fonts/BPG DejaVuSans-BoldOblique_2.ttf"; sourceTree = "<group>"; };
		6423831EA8574132BED9D8CC /* libPods-unicard.a */ = {isa = PBXFileReference; explicitFileType = archive.ar; includeInIndex = 0; path = "libPods-unicard.a"; sourceTree = BUILT_PRODUCTS_DIR; };
		6C97AB639B58BBB4B15BBE30 /* Pods-unicard-unicardTests.debug.xcconfig */ = {isa = PBXFileReference; includeInIndex = 1; lastKnownFileType = text.xcconfig; name = "Pods-unicard-unicardTests.debug.xcconfig"; path = "Target Support Files/Pods-unicard-unicardTests/Pods-unicard-unicardTests.debug.xcconfig"; sourceTree = "<group>"; };
		81AB9BB72411601600AC10FF /* LaunchScreen.storyboard */ = {isa = PBXFileReference; fileEncoding = 4; lastKnownFileType = file.storyboard; name = LaunchScreen.storyboard; path = unicard/LaunchScreen.storyboard; sourceTree = "<group>"; };
		83EAD52D25F34AB782459F6B /* BPG_DEJAVUSANSMT_2.TTF */ = {isa = PBXFileReference; explicitFileType = undefined; fileEncoding = 9; includeInIndex = 0; lastKnownFileType = unknown; name = BPG_DEJAVUSANSMT_2.TTF; path = ../assets/fonts/BPG_DEJAVUSANSMT_2.TTF; sourceTree = "<group>"; };
		9055F7CD5D874C37B6771801 /* BPG GEL DejaVuSerif Caps_2.ttf */ = {isa = PBXFileReference; explicitFileType = undefined; fileEncoding = 9; includeInIndex = 0; lastKnownFileType = unknown; name = "BPG GEL DejaVuSerif Caps_2.ttf"; path = "../assets/fonts/BPG GEL DejaVuSerif Caps_2.ttf"; sourceTree = "<group>"; };
		A167A2BC43424FF7997A7E33 /* BPG DejaVuSans-Oblique_2.ttf */ = {isa = PBXFileReference; explicitFileType = undefined; fileEncoding = 9; includeInIndex = 0; lastKnownFileType = unknown; name = "BPG DejaVuSans-Oblique_2.ttf"; path = "../assets/fonts/BPG DejaVuSans-Oblique_2.ttf"; sourceTree = "<group>"; };
		AADB91B0FE8F4BE1B6FC603E /* BPG GEL DejaVuSans Caps_2.ttf */ = {isa = PBXFileReference; explicitFileType = undefined; fileEncoding = 9; includeInIndex = 0; lastKnownFileType = unknown; name = "BPG GEL DejaVuSans Caps_2.ttf"; path = "../assets/fonts/BPG GEL DejaVuSans Caps_2.ttf"; sourceTree = "<group>"; };
		AAEA5047554C4AA2948A588B /* BPG_DEJAVUSANSMT_BOLD_2.TTF */ = {isa = PBXFileReference; explicitFileType = undefined; fileEncoding = 9; includeInIndex = 0; lastKnownFileType = unknown; name = BPG_DEJAVUSANSMT_BOLD_2.TTF; path = ../assets/fonts/BPG_DEJAVUSANSMT_BOLD_2.TTF; sourceTree = "<group>"; };
		ABFE59519B596E51CEFDCCC0 /* libPods-unicard-unicardTests.a */ = {isa = PBXFileReference; explicitFileType = archive.ar; includeInIndex = 0; path = "libPods-unicard-unicardTests.a"; sourceTree = BUILT_PRODUCTS_DIR; };
		B63F4841B491458097ABD047 /* BPG DejaVuSans-Bold_2.ttf */ = {isa = PBXFileReference; explicitFileType = undefined; fileEncoding = 9; includeInIndex = 0; lastKnownFileType = unknown; name = "BPG DejaVuSans-Bold_2.ttf"; path = "../assets/fonts/BPG DejaVuSans-Bold_2.ttf"; sourceTree = "<group>"; };
		BF641BB5A90A43E99CDE712D /* BPG GEL DejaVu Sans Condensed_2.ttf */ = {isa = PBXFileReference; explicitFileType = undefined; fileEncoding = 9; includeInIndex = 0; lastKnownFileType = unknown; name = "BPG GEL DejaVu Sans Condensed_2.ttf"; path = "../assets/fonts/BPG GEL DejaVu Sans Condensed_2.ttf"; sourceTree = "<group>"; };
		C0A881CF5CF3F2B244570E2A /* Pods-unicard.debug.xcconfig */ = {isa = PBXFileReference; includeInIndex = 1; lastKnownFileType = text.xcconfig; name = "Pods-unicard.debug.xcconfig"; path = "Target Support Files/Pods-unicard/Pods-unicard.debug.xcconfig"; sourceTree = "<group>"; };
		D00AAFFCFCFDA5787532823F /* Pods-unicard.release.xcconfig */ = {isa = PBXFileReference; includeInIndex = 1; lastKnownFileType = text.xcconfig; name = "Pods-unicard.release.xcconfig"; path = "Target Support Files/Pods-unicard/Pods-unicard.release.xcconfig"; sourceTree = "<group>"; };
		DC83188EA04449C8843EFF7A /* BPG GEL DejaVu Sans Condensed Caps_2.ttf */ = {isa = PBXFileReference; explicitFileType = undefined; fileEncoding = 9; includeInIndex = 0; lastKnownFileType = unknown; name = "BPG GEL DejaVu Sans Condensed Caps_2.ttf"; path = "../assets/fonts/BPG GEL DejaVu Sans Condensed Caps_2.ttf"; sourceTree = "<group>"; };
		ED297162215061F000B7C4FE /* JavaScriptCore.framework */ = {isa = PBXFileReference; lastKnownFileType = wrapper.framework; name = JavaScriptCore.framework; path = System/Library/Frameworks/JavaScriptCore.framework; sourceTree = SDKROOT; };
		EE483D79485E40C8BC6B2BCE /* BPG GEL DejaVuSerif_2.ttf */ = {isa = PBXFileReference; explicitFileType = undefined; fileEncoding = 9; includeInIndex = 0; lastKnownFileType = unknown; name = "BPG GEL DejaVuSerif_2.ttf"; path = "../assets/fonts/BPG GEL DejaVuSerif_2.ttf"; sourceTree = "<group>"; };
/* End PBXFileReference section */

/* Begin PBXFrameworksBuildPhase section */
		00E356EB1AD99517003FC87E /* Frameworks */ = {
			isa = PBXFrameworksBuildPhase;
			buildActionMask = 2147483647;
			files = (
				7EF68E3733C33B6898317E18 /* libPods-unicard-unicardTests.a in Frameworks */,
			);
			runOnlyForDeploymentPostprocessing = 0;
		};
		13B07F8C1A680F5B00A75B9A /* Frameworks */ = {
			isa = PBXFrameworksBuildPhase;
			buildActionMask = 2147483647;
			files = (
				6172F2D35A4C3AA820D92908 /* libPods-unicard.a in Frameworks */,
			);
			runOnlyForDeploymentPostprocessing = 0;
		};
/* End PBXFrameworksBuildPhase section */

/* Begin PBXGroup section */
		00E356EF1AD99517003FC87E /* unicardTests */ = {
			isa = PBXGroup;
			children = (
				00E356F21AD99517003FC87E /* unicardTests.m */,
				00E356F01AD99517003FC87E /* Supporting Files */,
			);
			path = unicardTests;
			sourceTree = "<group>";
		};
		00E356F01AD99517003FC87E /* Supporting Files */ = {
			isa = PBXGroup;
			children = (
				00E356F11AD99517003FC87E /* Info.plist */,
			);
			name = "Supporting Files";
			sourceTree = "<group>";
		};
		13B07FAE1A68108700A75B9A /* unicard */ = {
			isa = PBXGroup;
			children = (
				13B07FAF1A68108700A75B9A /* AppDelegate.h */,
				13B07FB01A68108700A75B9A /* AppDelegate.m */,
				13B07FB51A68108700A75B9A /* Images.xcassets */,
				13B07FB61A68108700A75B9A /* Info.plist */,
				81AB9BB72411601600AC10FF /* LaunchScreen.storyboard */,
				13B07FB71A68108700A75B9A /* main.m */,
			);
			name = unicard;
			sourceTree = "<group>";
		};
		2D16E6871FA4F8E400B85C8A /* Frameworks */ = {
			isa = PBXGroup;
			children = (
				ED297162215061F000B7C4FE /* JavaScriptCore.framework */,
				6423831EA8574132BED9D8CC /* libPods-unicard.a */,
				ABFE59519B596E51CEFDCCC0 /* libPods-unicard-unicardTests.a */,
			);
			name = Frameworks;
			sourceTree = "<group>";
		};
		832341AE1AAA6A7D00B99B32 /* Libraries */ = {
			isa = PBXGroup;
			children = (
			);
			name = Libraries;
			sourceTree = "<group>";
		};
		83CBB9F61A601CBA00E9B192 = {
			isa = PBXGroup;
			children = (
				13B07FAE1A68108700A75B9A /* unicard */,
				832341AE1AAA6A7D00B99B32 /* Libraries */,
				00E356EF1AD99517003FC87E /* unicardTests */,
				83CBBA001A601CBA00E9B192 /* Products */,
				2D16E6871FA4F8E400B85C8A /* Frameworks */,
				E233CBF5F47BEE60B243DCF8 /* Pods */,
				83CFAC509579446B8538DB66 /* Resources */,
			);
			indentWidth = 2;
			sourceTree = "<group>";
			tabWidth = 2;
			usesTabs = 0;
		};
		83CBBA001A601CBA00E9B192 /* Products */ = {
			isa = PBXGroup;
			children = (
				13B07F961A680F5B00A75B9A /* unicard.app */,
				00E356EE1AD99517003FC87E /* unicardTests.xctest */,
			);
			name = Products;
			sourceTree = "<group>";
		};
		83CFAC509579446B8538DB66 /* Resources */ = {
			isa = PBXGroup;
			children = (
				0F43B98CB5454B47B5B6F38E /* BPG DejaVuSans Caps_2.ttf */,
				46FEF29ED26D4E0A945DC4B3 /* BPG DejaVuSans_2.ttf */,
				B63F4841B491458097ABD047 /* BPG DejaVuSans-Bold_2.ttf */,
				4B5BDAE1C80C4EB290975D45 /* BPG DejaVuSans-BoldOblique_2.ttf */,
				A167A2BC43424FF7997A7E33 /* BPG DejaVuSans-Oblique_2.ttf */,
				DC83188EA04449C8843EFF7A /* BPG GEL DejaVu Sans Condensed Caps_2.ttf */,
				BF641BB5A90A43E99CDE712D /* BPG GEL DejaVu Sans Condensed_2.ttf */,
				2C5364CEA761443D86470C6F /* BPG GEL DejaVu Sans ExtraLight Caps_2.ttf */,
				3EC9039E724B4BCC91A2FD54 /* BPG GEL DejaVu Sans ExtraLight_2.ttf */,
				AADB91B0FE8F4BE1B6FC603E /* BPG GEL DejaVuSans Caps_2.ttf */,
				4A2C134C84BB4B25AF5998BF /* BPG GEL DejaVuSans_2.ttf */,
				9055F7CD5D874C37B6771801 /* BPG GEL DejaVuSerif Caps_2.ttf */,
				EE483D79485E40C8BC6B2BCE /* BPG GEL DejaVuSerif_2.ttf */,
				83EAD52D25F34AB782459F6B /* BPG_DEJAVUSANSMT_2.TTF */,
				AAEA5047554C4AA2948A588B /* BPG_DEJAVUSANSMT_BOLD_2.TTF */,
			);
			name = Resources;
			sourceTree = "<group>";
		};
		E233CBF5F47BEE60B243DCF8 /* Pods */ = {
			isa = PBXGroup;
			children = (
				C0A881CF5CF3F2B244570E2A /* Pods-unicard.debug.xcconfig */,
				D00AAFFCFCFDA5787532823F /* Pods-unicard.release.xcconfig */,
				6C97AB639B58BBB4B15BBE30 /* Pods-unicard-unicardTests.debug.xcconfig */,
				1D0AE47A65C8663E3B452821 /* Pods-unicard-unicardTests.release.xcconfig */,
			);
			path = Pods;
			sourceTree = "<group>";
		};
/* End PBXGroup section */

/* Begin PBXNativeTarget section */
		00E356ED1AD99517003FC87E /* unicardTests */ = {
			isa = PBXNativeTarget;
			buildConfigurationList = 00E357021AD99517003FC87E /* Build configuration list for PBXNativeTarget "unicardTests" */;
			buildPhases = (
				A130D646172E58E1D159D8F2 /* [CP] Check Pods Manifest.lock */,
				00E356EA1AD99517003FC87E /* Sources */,
				00E356EB1AD99517003FC87E /* Frameworks */,
				00E356EC1AD99517003FC87E /* Resources */,
				077E01280D4B4AD18B2E1770 /* [CP] Embed Pods Frameworks */,
				4E62BDF20514810D028A5FBF /* [CP] Copy Pods Resources */,
			);
			buildRules = (
			);
			dependencies = (
				00E356F51AD99517003FC87E /* PBXTargetDependency */,
			);
			name = unicardTests;
			productName = unicardTests;
			productReference = 00E356EE1AD99517003FC87E /* unicardTests.xctest */;
			productType = "com.apple.product-type.bundle.unit-test";
		};
		13B07F861A680F5B00A75B9A /* unicard */ = {
			isa = PBXNativeTarget;
			buildConfigurationList = 13B07F931A680F5B00A75B9A /* Build configuration list for PBXNativeTarget "unicard" */;
			buildPhases = (
				3E482C27206C4DEF2FE45063 /* [CP] Check Pods Manifest.lock */,
				FD10A7F022414F080027D42C /* Start Packager */,
				13B07F871A680F5B00A75B9A /* Sources */,
				13B07F8C1A680F5B00A75B9A /* Frameworks */,
				13B07F8E1A680F5B00A75B9A /* Resources */,
				00DD1BFF1BD5951E006B06BC /* Bundle React Native code and images */,
				C8AC78B0264D0F9F6F6D630E /* [CP] Embed Pods Frameworks */,
				ADC9DDC32298B72B3CF5DC8E /* [CP] Copy Pods Resources */,
			);
			buildRules = (
			);
			dependencies = (
			);
			name = unicard;
			productName = unicard;
			productReference = 13B07F961A680F5B00A75B9A /* unicard.app */;
			productType = "com.apple.product-type.application";
		};
/* End PBXNativeTarget section */

/* Begin PBXProject section */
		83CBB9F71A601CBA00E9B192 /* Project object */ = {
			isa = PBXProject;
			attributes = {
				LastUpgradeCheck = 1210;
				TargetAttributes = {
					00E356ED1AD99517003FC87E = {
						CreatedOnToolsVersion = 6.2;
						TestTargetID = 13B07F861A680F5B00A75B9A;
					};
					13B07F861A680F5B00A75B9A = {
						LastSwiftMigration = 1120;
					};
				};
			};
			buildConfigurationList = 83CBB9FA1A601CBA00E9B192 /* Build configuration list for PBXProject "unicard" */;
			compatibilityVersion = "Xcode 12.0";
			developmentRegion = en;
			hasScannedForEncodings = 0;
			knownRegions = (
				en,
				Base,
			);
			mainGroup = 83CBB9F61A601CBA00E9B192;
			productRefGroup = 83CBBA001A601CBA00E9B192 /* Products */;
			projectDirPath = "";
			projectRoot = "";
			targets = (
				13B07F861A680F5B00A75B9A /* unicard */,
				00E356ED1AD99517003FC87E /* unicardTests */,
			);
		};
/* End PBXProject section */

/* Begin PBXResourcesBuildPhase section */
		00E356EC1AD99517003FC87E /* Resources */ = {
			isa = PBXResourcesBuildPhase;
			buildActionMask = 2147483647;
			files = (
			);
			runOnlyForDeploymentPostprocessing = 0;
		};
		13B07F8E1A680F5B00A75B9A /* Resources */ = {
			isa = PBXResourcesBuildPhase;
			buildActionMask = 2147483647;
			files = (
				81AB9BB82411601600AC10FF /* LaunchScreen.storyboard in Resources */,
				13B07FBF1A68108700A75B9A /* Images.xcassets in Resources */,
				E766301C104B4CF084D4A2B2 /* (null) in Resources */,
				63FF563D999C45F788358E5A /* (null) in Resources */,
				A65CD135B48944719AB98954 /* (null) in Resources */,
				26B0147D1BD14A97873AD435 /* (null) in Resources */,
				B36811C7C6AF449B89CE7BA3 /* (null) in Resources */,
				C2D661AA53F24E0DB9BB3455 /* (null) in Resources */,
				EEAF7BBCEFF5442A8BAFACC2 /* (null) in Resources */,
				5CEF8346FCC34CA0AD74AB6D /* (null) in Resources */,
				03510FFBD25149F48009C938 /* (null) in Resources */,
				A778774AAECA4217B390ACB8 /* (null) in Resources */,
				5F7328365AC34CEC80D57519 /* (null) in Resources */,
				4971D68F78FB4778A3667BDD /* (null) in Resources */,
				C786EEEFA79A4A23B2F440A1 /* (null) in Resources */,
				E4B6B3EE4CB9431497B2C069 /* (null) in Resources */,
				123BB74A893D4DD2AB6C196D /* (null) in Resources */,
				CE6C8F9DF33941CB8BEFA537 /* (null) in Resources */,
				5CBB37EA58B04933AB7F2603 /* BPG DejaVuSans Caps_2.ttf in Resources */,
				F5FD05FC660641D5AAC423EF /* BPG DejaVuSans_2.ttf in Resources */,
				F9041213D7A84C009B668E37 /* BPG DejaVuSans-Bold_2.ttf in Resources */,
				BA2346FD9EC849C9B484E75E /* BPG DejaVuSans-BoldOblique_2.ttf in Resources */,
				BFF3E8EF86CD4D278F0E52E9 /* BPG DejaVuSans-Oblique_2.ttf in Resources */,
				5B82ACE2D9704685B8D3F834 /* BPG GEL DejaVu Sans Condensed Caps_2.ttf in Resources */,
				9F81FD276EBF4EDDB37B5DCA /* BPG GEL DejaVu Sans Condensed_2.ttf in Resources */,
				628FBA73BFA841C284771D65 /* BPG GEL DejaVu Sans ExtraLight Caps_2.ttf in Resources */,
				8FF848A6B73942DD958FF0FF /* BPG GEL DejaVu Sans ExtraLight_2.ttf in Resources */,
				2D785E135E3641EB975893F1 /* BPG GEL DejaVuSans Caps_2.ttf in Resources */,
				51AE0B647686499B979EB366 /* BPG GEL DejaVuSans_2.ttf in Resources */,
				5C40F4FDA32A4D4C99CC9DB1 /* BPG GEL DejaVuSerif Caps_2.ttf in Resources */,
				FE5502FB0F2C4F839B6FA765 /* BPG GEL DejaVuSerif_2.ttf in Resources */,
				D040530F00744099A3BC5D92 /* BPG_DEJAVUSANSMT_2.TTF in Resources */,
				6160D1C771894E38A340C4D0 /* BPG_DEJAVUSANSMT_BOLD_2.TTF in Resources */,
			);
			runOnlyForDeploymentPostprocessing = 0;
		};
/* End PBXResourcesBuildPhase section */

/* Begin PBXShellScriptBuildPhase section */
		00DD1BFF1BD5951E006B06BC /* Bundle React Native code and images */ = {
			isa = PBXShellScriptBuildPhase;
			buildActionMask = 2147483647;
			files = (
			);
			inputPaths = (
			);
			name = "Bundle React Native code and images";
			outputPaths = (
			);
			runOnlyForDeploymentPostprocessing = 0;
			shellPath = /bin/sh;
			shellScript = "set -e\n\nexport NODE_BINARY=node\n../node_modules/react-native/scripts/react-native-xcode.sh\n";
		};
		077E01280D4B4AD18B2E1770 /* [CP] Embed Pods Frameworks */ = {
			isa = PBXShellScriptBuildPhase;
			buildActionMask = 2147483647;
			files = (
			);
			inputFileListPaths = (
				"${PODS_ROOT}/Target Support Files/Pods-unicard-unicardTests/Pods-unicard-unicardTests-frameworks-${CONFIGURATION}-input-files.xcfilelist",
			);
			name = "[CP] Embed Pods Frameworks";
			outputFileListPaths = (
				"${PODS_ROOT}/Target Support Files/Pods-unicard-unicardTests/Pods-unicard-unicardTests-frameworks-${CONFIGURATION}-output-files.xcfilelist",
			);
			runOnlyForDeploymentPostprocessing = 0;
			shellPath = /bin/sh;
			shellScript = "\"${PODS_ROOT}/Target Support Files/Pods-unicard-unicardTests/Pods-unicard-unicardTests-frameworks.sh\"\n";
			showEnvVarsInLog = 0;
		};
		3E482C27206C4DEF2FE45063 /* [CP] Check Pods Manifest.lock */ = {
			isa = PBXShellScriptBuildPhase;
			buildActionMask = 2147483647;
			files = (
			);
			inputFileListPaths = (
			);
			inputPaths = (
				"${PODS_PODFILE_DIR_PATH}/Podfile.lock",
				"${PODS_ROOT}/Manifest.lock",
			);
			name = "[CP] Check Pods Manifest.lock";
			outputFileListPaths = (
			);
			outputPaths = (
				"$(DERIVED_FILE_DIR)/Pods-unicard-checkManifestLockResult.txt",
			);
			runOnlyForDeploymentPostprocessing = 0;
			shellPath = /bin/sh;
			shellScript = "diff \"${PODS_PODFILE_DIR_PATH}/Podfile.lock\" \"${PODS_ROOT}/Manifest.lock\" > /dev/null\nif [ $? != 0 ] ; then\n    # print error to STDERR\n    echo \"error: The sandbox is not in sync with the Podfile.lock. Run 'pod install' or update your CocoaPods installation.\" >&2\n    exit 1\nfi\n# This output is used by Xcode 'outputs' to avoid re-running this script phase.\necho \"SUCCESS\" > \"${SCRIPT_OUTPUT_FILE_0}\"\n";
			showEnvVarsInLog = 0;
		};
		4E62BDF20514810D028A5FBF /* [CP] Copy Pods Resources */ = {
			isa = PBXShellScriptBuildPhase;
			buildActionMask = 2147483647;
			files = (
			);
			inputFileListPaths = (
				"${PODS_ROOT}/Target Support Files/Pods-unicard-unicardTests/Pods-unicard-unicardTests-resources-${CONFIGURATION}-input-files.xcfilelist",
			);
			name = "[CP] Copy Pods Resources";
			outputFileListPaths = (
				"${PODS_ROOT}/Target Support Files/Pods-unicard-unicardTests/Pods-unicard-unicardTests-resources-${CONFIGURATION}-output-files.xcfilelist",
			);
			runOnlyForDeploymentPostprocessing = 0;
			shellPath = /bin/sh;
			shellScript = "\"${PODS_ROOT}/Target Support Files/Pods-unicard-unicardTests/Pods-unicard-unicardTests-resources.sh\"\n";
			showEnvVarsInLog = 0;
		};
		A130D646172E58E1D159D8F2 /* [CP] Check Pods Manifest.lock */ = {
			isa = PBXShellScriptBuildPhase;
			buildActionMask = 2147483647;
			files = (
			);
			inputFileListPaths = (
			);
			inputPaths = (
				"${PODS_PODFILE_DIR_PATH}/Podfile.lock",
				"${PODS_ROOT}/Manifest.lock",
			);
			name = "[CP] Check Pods Manifest.lock";
			outputFileListPaths = (
			);
			outputPaths = (
				"$(DERIVED_FILE_DIR)/Pods-unicard-unicardTests-checkManifestLockResult.txt",
			);
			runOnlyForDeploymentPostprocessing = 0;
			shellPath = /bin/sh;
			shellScript = "diff \"${PODS_PODFILE_DIR_PATH}/Podfile.lock\" \"${PODS_ROOT}/Manifest.lock\" > /dev/null\nif [ $? != 0 ] ; then\n    # print error to STDERR\n    echo \"error: The sandbox is not in sync with the Podfile.lock. Run 'pod install' or update your CocoaPods installation.\" >&2\n    exit 1\nfi\n# This output is used by Xcode 'outputs' to avoid re-running this script phase.\necho \"SUCCESS\" > \"${SCRIPT_OUTPUT_FILE_0}\"\n";
			showEnvVarsInLog = 0;
		};
		ADC9DDC32298B72B3CF5DC8E /* [CP] Copy Pods Resources */ = {
			isa = PBXShellScriptBuildPhase;
			buildActionMask = 2147483647;
			files = (
			);
			inputFileListPaths = (
				"${PODS_ROOT}/Target Support Files/Pods-unicard/Pods-unicard-resources-${CONFIGURATION}-input-files.xcfilelist",
			);
			name = "[CP] Copy Pods Resources";
			outputFileListPaths = (
				"${PODS_ROOT}/Target Support Files/Pods-unicard/Pods-unicard-resources-${CONFIGURATION}-output-files.xcfilelist",
			);
			runOnlyForDeploymentPostprocessing = 0;
			shellPath = /bin/sh;
			shellScript = "\"${PODS_ROOT}/Target Support Files/Pods-unicard/Pods-unicard-resources.sh\"\n";
			showEnvVarsInLog = 0;
		};
		C8AC78B0264D0F9F6F6D630E /* [CP] Embed Pods Frameworks */ = {
			isa = PBXShellScriptBuildPhase;
			buildActionMask = 2147483647;
			files = (
			);
			inputFileListPaths = (
				"${PODS_ROOT}/Target Support Files/Pods-unicard/Pods-unicard-frameworks-${CONFIGURATION}-input-files.xcfilelist",
			);
			name = "[CP] Embed Pods Frameworks";
			outputFileListPaths = (
				"${PODS_ROOT}/Target Support Files/Pods-unicard/Pods-unicard-frameworks-${CONFIGURATION}-output-files.xcfilelist",
			);
			runOnlyForDeploymentPostprocessing = 0;
			shellPath = /bin/sh;
			shellScript = "\"${PODS_ROOT}/Target Support Files/Pods-unicard/Pods-unicard-frameworks.sh\"\n";
			showEnvVarsInLog = 0;
		};
		FD10A7F022414F080027D42C /* Start Packager */ = {
			isa = PBXShellScriptBuildPhase;
			buildActionMask = 2147483647;
			files = (
			);
			inputFileListPaths = (
			);
			inputPaths = (
			);
			name = "Start Packager";
			outputFileListPaths = (
			);
			outputPaths = (
			);
			runOnlyForDeploymentPostprocessing = 0;
			shellPath = /bin/sh;
			shellScript = "export RCT_METRO_PORT=\"${RCT_METRO_PORT:=8081}\"\necho \"export RCT_METRO_PORT=${RCT_METRO_PORT}\" > \"${SRCROOT}/../node_modules/react-native/scripts/.packager.env\"\nif [ -z \"${RCT_NO_LAUNCH_PACKAGER+xxx}\" ] ; then\n  if nc -w 5 -z localhost ${RCT_METRO_PORT} ; then\n    if ! curl -s \"http://localhost:${RCT_METRO_PORT}/status\" | grep -q \"packager-status:running\" ; then\n      echo \"Port ${RCT_METRO_PORT} already in use, packager is either not running or not running correctly\"\n      exit 2\n    fi\n  else\n    open \"$SRCROOT/../node_modules/react-native/scripts/launchPackager.command\" || echo \"Can't start packager automatically\"\n  fi\nfi\n";
			showEnvVarsInLog = 0;
		};
/* End PBXShellScriptBuildPhase section */

/* Begin PBXSourcesBuildPhase section */
		00E356EA1AD99517003FC87E /* Sources */ = {
			isa = PBXSourcesBuildPhase;
			buildActionMask = 2147483647;
			files = (
				00E356F31AD99517003FC87E /* unicardTests.m in Sources */,
			);
			runOnlyForDeploymentPostprocessing = 0;
		};
		13B07F871A680F5B00A75B9A /* Sources */ = {
			isa = PBXSourcesBuildPhase;
			buildActionMask = 2147483647;
			files = (
				13B07FBC1A68108700A75B9A /* AppDelegate.m in Sources */,
				13B07FC11A68108700A75B9A /* main.m in Sources */,
			);
			runOnlyForDeploymentPostprocessing = 0;
		};
/* End PBXSourcesBuildPhase section */

/* Begin PBXTargetDependency section */
		00E356F51AD99517003FC87E /* PBXTargetDependency */ = {
			isa = PBXTargetDependency;
			target = 13B07F861A680F5B00A75B9A /* unicard */;
			targetProxy = 00E356F41AD99517003FC87E /* PBXContainerItemProxy */;
		};
/* End PBXTargetDependency section */

/* Begin XCBuildConfiguration section */
		00E356F61AD99517003FC87E /* Debug */ = {
			isa = XCBuildConfiguration;
			baseConfigurationReference = 6C97AB639B58BBB4B15BBE30 /* Pods-unicard-unicardTests.debug.xcconfig */;
			buildSettings = {
				BUNDLE_LOADER = "$(TEST_HOST)";
				GCC_PREPROCESSOR_DEFINITIONS = (
					"DEBUG=1",
					"$(inherited)",
				);
				INFOPLIST_FILE = unicardTests/Info.plist;
				IPHONEOS_DEPLOYMENT_TARGET = 11.0;
				LD_RUNPATH_SEARCH_PATHS = (
					"$(inherited)",
					"@executable_path/Frameworks",
					"@loader_path/Frameworks",
				);
				OTHER_LDFLAGS = (
					"-ObjC",
					"-lc++",
					"$(inherited)",
				);
				PRODUCT_BUNDLE_IDENTIFIER = "org.reactjs.native.example.$(PRODUCT_NAME:rfc1034identifier)";
				PRODUCT_NAME = "$(TARGET_NAME)";
				TEST_HOST = "$(BUILT_PRODUCTS_DIR)/unicard.app/unicard";
			};
			name = Debug;
		};
		00E356F71AD99517003FC87E /* Release */ = {
			isa = XCBuildConfiguration;
			baseConfigurationReference = 1D0AE47A65C8663E3B452821 /* Pods-unicard-unicardTests.release.xcconfig */;
			buildSettings = {
				BUNDLE_LOADER = "$(TEST_HOST)";
				COPY_PHASE_STRIP = NO;
				INFOPLIST_FILE = unicardTests/Info.plist;
				IPHONEOS_DEPLOYMENT_TARGET = 11.0;
				LD_RUNPATH_SEARCH_PATHS = (
					"$(inherited)",
					"@executable_path/Frameworks",
					"@loader_path/Frameworks",
				);
				OTHER_LDFLAGS = (
					"-ObjC",
					"-lc++",
					"$(inherited)",
				);
				PRODUCT_BUNDLE_IDENTIFIER = "org.reactjs.native.example.$(PRODUCT_NAME:rfc1034identifier)";
				PRODUCT_NAME = "$(TARGET_NAME)";
				TEST_HOST = "$(BUILT_PRODUCTS_DIR)/unicard.app/unicard";
			};
			name = Release;
		};
		13B07F941A680F5B00A75B9A /* Debug */ = {
			isa = XCBuildConfiguration;
			baseConfigurationReference = C0A881CF5CF3F2B244570E2A /* Pods-unicard.debug.xcconfig */;
			buildSettings = {
				ASSETCATALOG_COMPILER_APPICON_NAME = AppIcon;
				CLANG_ENABLE_MODULES = YES;
				CURRENT_PROJECT_VERSION = 1;
				DEVELOPMENT_TEAM = 8J42C4RH4D;
				ENABLE_BITCODE = NO;
				INFOPLIST_FILE = unicard/Info.plist;
				LD_RUNPATH_SEARCH_PATHS = (
					"$(inherited)",
					"@executable_path/Frameworks",
				);
				OTHER_LDFLAGS = (
					"$(inherited)",
					"-ObjC",
					"-lc++",
				);
				PRODUCT_BUNDLE_IDENTIFIER = org.reactjs.native.example.unicards;
				PRODUCT_NAME = unicard;
				SWIFT_OPTIMIZATION_LEVEL = "-Onone";
				SWIFT_VERSION = 5.0;
				VERSIONING_SYSTEM = "apple-generic";
			};
			name = Debug;
		};
		13B07F951A680F5B00A75B9A /* Release */ = {
			isa = XCBuildConfiguration;
			baseConfigurationReference = D00AAFFCFCFDA5787532823F /* Pods-unicard.release.xcconfig */;
			buildSettings = {
				ASSETCATALOG_COMPILER_APPICON_NAME = AppIcon;
				CLANG_ENABLE_MODULES = YES;
				CURRENT_PROJECT_VERSION = 1;
				DEVELOPMENT_TEAM = 8J42C4RH4D;
				INFOPLIST_FILE = unicard/Info.plist;
				LD_RUNPATH_SEARCH_PATHS = (
					"$(inherited)",
					"@executable_path/Frameworks",
				);
				OTHER_LDFLAGS = (
					"$(inherited)",
					"-ObjC",
					"-lc++",
				);
				PRODUCT_BUNDLE_IDENTIFIER = org.reactjs.native.example.unicards;
				PRODUCT_NAME = unicard;
				SWIFT_VERSION = 5.0;
				VERSIONING_SYSTEM = "apple-generic";
			};
			name = Release;
		};
		83CBBA201A601CBA00E9B192 /* Debug */ = {
			isa = XCBuildConfiguration;
			buildSettings = {
				ALWAYS_SEARCH_USER_PATHS = NO;
				CLANG_ANALYZER_LOCALIZABILITY_NONLOCALIZED = YES;
				CLANG_CXX_LANGUAGE_STANDARD = "gnu++0x";
				CLANG_CXX_LIBRARY = "libc++";
				CLANG_ENABLE_MODULES = YES;
				CLANG_ENABLE_OBJC_ARC = YES;
				CLANG_WARN_BLOCK_CAPTURE_AUTORELEASING = YES;
				CLANG_WARN_BOOL_CONVERSION = YES;
				CLANG_WARN_COMMA = YES;
				CLANG_WARN_CONSTANT_CONVERSION = YES;
				CLANG_WARN_DEPRECATED_OBJC_IMPLEMENTATIONS = YES;
				CLANG_WARN_DIRECT_OBJC_ISA_USAGE = YES_ERROR;
				CLANG_WARN_EMPTY_BODY = YES;
				CLANG_WARN_ENUM_CONVERSION = YES;
				CLANG_WARN_INFINITE_RECURSION = YES;
				CLANG_WARN_INT_CONVERSION = YES;
				CLANG_WARN_NON_LITERAL_NULL_CONVERSION = YES;
				CLANG_WARN_OBJC_IMPLICIT_RETAIN_SELF = YES;
				CLANG_WARN_OBJC_LITERAL_CONVERSION = YES;
				CLANG_WARN_OBJC_ROOT_CLASS = YES_ERROR;
				CLANG_WARN_QUOTED_INCLUDE_IN_FRAMEWORK_HEADER = YES;
				CLANG_WARN_RANGE_LOOP_ANALYSIS = YES;
				CLANG_WARN_STRICT_PROTOTYPES = YES;
				CLANG_WARN_SUSPICIOUS_MOVE = YES;
				CLANG_WARN_UNREACHABLE_CODE = YES;
				CLANG_WARN__DUPLICATE_METHOD_MATCH = YES;
				"CODE_SIGN_IDENTITY[sdk=iphoneos*]" = "iPhone Developer";
				COPY_PHASE_STRIP = NO;
				ENABLE_STRICT_OBJC_MSGSEND = YES;
				ENABLE_TESTABILITY = YES;
				"EXCLUDED_ARCHS[sdk=iphonesimulator*]" = "";
				GCC_C_LANGUAGE_STANDARD = gnu99;
				GCC_DYNAMIC_NO_PIC = NO;
				GCC_NO_COMMON_BLOCKS = YES;
				GCC_OPTIMIZATION_LEVEL = 0;
				GCC_PREPROCESSOR_DEFINITIONS = (
					"DEBUG=1",
					"$(inherited)",
				);
				GCC_SYMBOLS_PRIVATE_EXTERN = NO;
				GCC_WARN_64_TO_32_BIT_CONVERSION = YES;
				GCC_WARN_ABOUT_RETURN_TYPE = YES_ERROR;
				GCC_WARN_UNDECLARED_SELECTOR = YES;
				GCC_WARN_UNINITIALIZED_AUTOS = YES_AGGRESSIVE;
				GCC_WARN_UNUSED_FUNCTION = YES;
				GCC_WARN_UNUSED_VARIABLE = YES;
				IPHONEOS_DEPLOYMENT_TARGET = 11.0;
				LD_RUNPATH_SEARCH_PATHS = (
					/usr/lib/swift,
					"$(inherited)",
				);
				LIBRARY_SEARCH_PATHS = (
					"\"$(SDKROOT)/usr/lib/swift\"",
					"\"$(TOOLCHAIN_DIR)/usr/lib/swift/$(PLATFORM_NAME)\"",
					"\"$(inherited)\"",
				);
				MTL_ENABLE_DEBUG_INFO = YES;
				ONLY_ACTIVE_ARCH = YES;
				SDKROOT = iphoneos;
			};
			name = Debug;
		};
		83CBBA211A601CBA00E9B192 /* Release */ = {
			isa = XCBuildConfiguration;
			buildSettings = {
				ALWAYS_SEARCH_USER_PATHS = NO;
				CLANG_ANALYZER_LOCALIZABILITY_NONLOCALIZED = YES;
				CLANG_CXX_LANGUAGE_STANDARD = "gnu++0x";
				CLANG_CXX_LIBRARY = "libc++";
				CLANG_ENABLE_MODULES = YES;
				CLANG_ENABLE_OBJC_ARC = YES;
				CLANG_WARN_BLOCK_CAPTURE_AUTORELEASING = YES;
				CLANG_WARN_BOOL_CONVERSION = YES;
				CLANG_WARN_COMMA = YES;
				CLANG_WARN_CONSTANT_CONVERSION = YES;
				CLANG_WARN_DEPRECATED_OBJC_IMPLEMENTATIONS = YES;
				CLANG_WARN_DIRECT_OBJC_ISA_USAGE = YES_ERROR;
				CLANG_WARN_EMPTY_BODY = YES;
				CLANG_WARN_ENUM_CONVERSION = YES;
				CLANG_WARN_INFINITE_RECURSION = YES;
				CLANG_WARN_INT_CONVERSION = YES;
				CLANG_WARN_NON_LITERAL_NULL_CONVERSION = YES;
				CLANG_WARN_OBJC_IMPLICIT_RETAIN_SELF = YES;
				CLANG_WARN_OBJC_LITERAL_CONVERSION = YES;
				CLANG_WARN_OBJC_ROOT_CLASS = YES_ERROR;
				CLANG_WARN_QUOTED_INCLUDE_IN_FRAMEWORK_HEADER = YES;
				CLANG_WARN_RANGE_LOOP_ANALYSIS = YES;
				CLANG_WARN_STRICT_PROTOTYPES = YES;
				CLANG_WARN_SUSPICIOUS_MOVE = YES;
				CLANG_WARN_UNREACHABLE_CODE = YES;
				CLANG_WARN__DUPLICATE_METHOD_MATCH = YES;
				"CODE_SIGN_IDENTITY[sdk=iphoneos*]" = "iPhone Developer";
				COPY_PHASE_STRIP = YES;
				ENABLE_NS_ASSERTIONS = NO;
				ENABLE_STRICT_OBJC_MSGSEND = YES;
				"EXCLUDED_ARCHS[sdk=iphonesimulator*]" = "";
				GCC_C_LANGUAGE_STANDARD = gnu99;
				GCC_NO_COMMON_BLOCKS = YES;
				GCC_WARN_64_TO_32_BIT_CONVERSION = YES;
				GCC_WARN_ABOUT_RETURN_TYPE = YES_ERROR;
				GCC_WARN_UNDECLARED_SELECTOR = YES;
				GCC_WARN_UNINITIALIZED_AUTOS = YES_AGGRESSIVE;
				GCC_WARN_UNUSED_FUNCTION = YES;
				GCC_WARN_UNUSED_VARIABLE = YES;
				IPHONEOS_DEPLOYMENT_TARGET = 11.0;
				LD_RUNPATH_SEARCH_PATHS = (
					/usr/lib/swift,
					"$(inherited)",
				);
				LIBRARY_SEARCH_PATHS = (
					"\"$(SDKROOT)/usr/lib/swift\"",
					"\"$(TOOLCHAIN_DIR)/usr/lib/swift/$(PLATFORM_NAME)\"",
					"\"$(inherited)\"",
				);
				MTL_ENABLE_DEBUG_INFO = NO;
				SDKROOT = iphoneos;
				VALIDATE_PRODUCT = YES;
			};
			name = Release;
		};
/* End XCBuildConfiguration section */

/* Begin XCConfigurationList section */
		00E357021AD99517003FC87E /* Build configuration list for PBXNativeTarget "unicardTests" */ = {
			isa = XCConfigurationList;
			buildConfigurations = (
				00E356F61AD99517003FC87E /* Debug */,
				00E356F71AD99517003FC87E /* Release */,
			);
			defaultConfigurationIsVisible = 0;
			defaultConfigurationName = Release;
		};
		13B07F931A680F5B00A75B9A /* Build configuration list for PBXNativeTarget "unicard" */ = {
			isa = XCConfigurationList;
			buildConfigurations = (
				13B07F941A680F5B00A75B9A /* Debug */,
				13B07F951A680F5B00A75B9A /* Release */,
			);
			defaultConfigurationIsVisible = 0;
			defaultConfigurationName = Release;
		};
		83CBB9FA1A601CBA00E9B192 /* Build configuration list for PBXProject "unicard" */ = {
			isa = XCConfigurationList;
			buildConfigurations = (
				83CBBA201A601CBA00E9B192 /* Debug */,
				83CBBA211A601CBA00E9B192 /* Release */,
			);
			defaultConfigurationIsVisible = 0;
			defaultConfigurationName = Release;
		};
/* End XCConfigurationList section */
	};
	rootObject = 83CBB9F71A601CBA00E9B192 /* Project object */;
}
